
Microsoft Visual Studio Solution File, Format Version 12.00
# Visual Studio Version 17
VisualStudioVersion = 17.0.31903.59
MinimumVisualStudioVersion = 10.0.40219.1
Project("{2150E333-8FDC-42A3-9474-1A3956D46DE8}") = "Plugins", "Plugins", "{C0B767C0-B244-49E0-9810-306C5D0823D5}"
EndProject
Project("{FAE04EC0-301F-11D3-BF4B-00C04F79EFBC}") = "Plugins.Abstractions", "src\Plugins\Abstractions\Plugins.Abstractions.csproj", "{EF8FFB59-569D-412E-BF3B-2E8D40D9EED1}"
EndProject
Project("{FAE04EC0-301F-11D3-BF4B-00C04F79EFBC}") = "Plugins.Loader", "src\Plugins\Loader\Plugins.Loader.csproj", "{3DF47712-6544-41A4-A503-9D813FA5C90D}"
EndProject
Project("{2150E333-8FDC-42A3-9474-1A3956D46DE8}") = "Runtime", "Runtime", "{7B215315-4A44-4B7B-ADD2-129B0ADDE662}"
EndProject
Project("{FAE04EC0-301F-11D3-BF4B-00C04F79EFBC}") = "Runtime.Extensions", "src\Runtime\Extensions\Runtime.Extensions.csproj", "{53BB498C-64F8-4E75-8DEB-05A5CBF51C0A}"
EndProject
Project("{FAE04EC0-301F-11D3-BF4B-00C04F79EFBC}") = "Runtime.Abstractions", "src\Runtime\Abstractions\Runtime.Abstractions.csproj", "{F353D48F-57D4-4375-A9D7-06B4937ED792}"
EndProject
Project("{2150E333-8FDC-42A3-9474-1A3956D46DE8}") = "Code", "Code", "{0696277F-A766-4924-A3B0-E20F731C582F}"
EndProject
Project("{2150E333-8FDC-42A3-9474-1A3956D46DE8}") = "DependencyInjection", "DependencyInjection", "{4829FA75-03A6-42BD-BABE-D7A5E15C8FAD}"
EndProject
Project("{2150E333-8FDC-42A3-9474-1A3956D46DE8}") = "Configuration", "Configuration", "{D45470D5-DCE6-482B-911C-BE38272B928A}"
EndProject
Project("{2150E333-8FDC-42A3-9474-1A3956D46DE8}") = "AspNetCore", "AspNetCore", "{FC29EB73-60F0-4613-B687-C809BAFB1AFD}"
EndProject
Project("{FAE04EC0-301F-11D3-BF4B-00C04F79EFBC}") = "Plugins.AspNetCore.Abstractions", "src\Plugins\AspNetCore\Abstractions\Plugins.AspNetCore.Abstractions.csproj", "{6DE1F0E8-8ED1-4B97-8591-2B8C16B6E951}"
EndProject
Project("{FAE04EC0-301F-11D3-BF4B-00C04F79EFBC}") = "Plugins.AspNetCore.Extensions", "src\Plugins\AspNetCore\Extensions\Plugins.AspNetCore.Extensions.csproj", "{E3C8FD54-AF43-477D-AC1F-E9A9B1A7A138}"
EndProject
Project("{2150E333-8FDC-42A3-9474-1A3956D46DE8}") = "Hosting", "Hosting", "{A5658FDF-1A56-448F-B3A6-381AB0488327}"
EndProject
Project("{FAE04EC0-301F-11D3-BF4B-00C04F79EFBC}") = "Plugins.Hosting.Abstractions", "src\Plugins\Hosting\Abstractions\Plugins.Hosting.Abstractions.csproj", "{483CAE03-AE37-4BC2-A73D-A3C39367542E}"
EndProject
Project("{FAE04EC0-301F-11D3-BF4B-00C04F79EFBC}") = "Plugins.Hosting.Extensions", "src\Plugins\Hosting\Extensions\Plugins.Hosting.Extensions.csproj", "{678F1A1E-0C5F-4355-98D4-012145518F3B}"
EndProject
Project("{FAE04EC0-301F-11D3-BF4B-00C04F79EFBC}") = "Plugins.DependencyInjection.Abstractions", "src\Plugins\DependencyInjection\Abstractions\Plugins.DependencyInjection.Abstractions.csproj", "{0FB9A2B8-EAB4-4B41-AA6D-54C11E41E48B}"
EndProject
Project("{FAE04EC0-301F-11D3-BF4B-00C04F79EFBC}") = "Plugins.DependencyInjection.Extensions", "src\Plugins\DependencyInjection\Extensions\Plugins.DependencyInjection.Extensions.csproj", "{2F55B37E-9FC8-44AB-9F36-778F43BE78E0}"
EndProject
Project("{FAE04EC0-301F-11D3-BF4B-00C04F79EFBC}") = "Plugins.Configuration.Abstractions", "src\Plugins\Configuration\Abstractions\Plugins.Configuration.Abstractions.csproj", "{78AB67CA-BE76-4352-BF2D-278628DF3D9B}"
EndProject
Project("{FAE04EC0-301F-11D3-BF4B-00C04F79EFBC}") = "Plugins.Configuration.Extensions", "src\Plugins\Configuration\Extensions\Plugins.Configuration.Extensions.csproj", "{24709F17-5299-4065-89F9-44C00B9BE635}"
EndProject
Project("{2150E333-8FDC-42A3-9474-1A3956D46DE8}") = "Configuration", "Configuration", "{485EA29B-C978-4F19-B2DF-48CA3D67D0D5}"
	ProjectSection(SolutionItems) = preProject
	EndProjectSection
EndProject
Project("{FAE04EC0-301F-11D3-BF4B-00C04F79EFBC}") = "Configuration.Abstractions", "src\Configuration\Abstractions\Configuration.Abstractions.csproj", "{C7403E32-4132-4298-BC6F-3F1BA68345ED}"
EndProject
Global
	GlobalSection(SolutionConfigurationPlatforms) = preSolution
		Debug|Any CPU = Debug|Any CPU
		Release|Any CPU = Release|Any CPU
	EndGlobalSection
	GlobalSection(ProjectConfigurationPlatforms) = postSolution
		{EF8FFB59-569D-412E-BF3B-2E8D40D9EED1}.Debug|Any CPU.ActiveCfg = Debug|Any CPU
		{EF8FFB59-569D-412E-BF3B-2E8D40D9EED1}.Debug|Any CPU.Build.0 = Debug|Any CPU
		{EF8FFB59-569D-412E-BF3B-2E8D40D9EED1}.Release|Any CPU.ActiveCfg = Release|Any CPU
		{EF8FFB59-569D-412E-BF3B-2E8D40D9EED1}.Release|Any CPU.Build.0 = Release|Any CPU
		{3DF47712-6544-41A4-A503-9D813FA5C90D}.Debug|Any CPU.ActiveCfg = Debug|Any CPU
		{3DF47712-6544-41A4-A503-9D813FA5C90D}.Debug|Any CPU.Build.0 = Debug|Any CPU
		{3DF47712-6544-41A4-A503-9D813FA5C90D}.Release|Any CPU.ActiveCfg = Release|Any CPU
		{3DF47712-6544-41A4-A503-9D813FA5C90D}.Release|Any CPU.Build.0 = Release|Any CPU
		{53BB498C-64F8-4E75-8DEB-05A5CBF51C0A}.Debug|Any CPU.ActiveCfg = Debug|Any CPU
		{53BB498C-64F8-4E75-8DEB-05A5CBF51C0A}.Debug|Any CPU.Build.0 = Debug|Any CPU
		{53BB498C-64F8-4E75-8DEB-05A5CBF51C0A}.Release|Any CPU.ActiveCfg = Release|Any CPU
		{53BB498C-64F8-4E75-8DEB-05A5CBF51C0A}.Release|Any CPU.Build.0 = Release|Any CPU
		{F353D48F-57D4-4375-A9D7-06B4937ED792}.Debug|Any CPU.ActiveCfg = Debug|Any CPU
		{F353D48F-57D4-4375-A9D7-06B4937ED792}.Debug|Any CPU.Build.0 = Debug|Any CPU
		{F353D48F-57D4-4375-A9D7-06B4937ED792}.Release|Any CPU.ActiveCfg = Release|Any CPU
		{F353D48F-57D4-4375-A9D7-06B4937ED792}.Release|Any CPU.Build.0 = Release|Any CPU
		{6DE1F0E8-8ED1-4B97-8591-2B8C16B6E951}.Debug|Any CPU.ActiveCfg = Debug|Any CPU
		{6DE1F0E8-8ED1-4B97-8591-2B8C16B6E951}.Debug|Any CPU.Build.0 = Debug|Any CPU
		{6DE1F0E8-8ED1-4B97-8591-2B8C16B6E951}.Release|Any CPU.ActiveCfg = Release|Any CPU
		{6DE1F0E8-8ED1-4B97-8591-2B8C16B6E951}.Release|Any CPU.Build.0 = Release|Any CPU
		{E3C8FD54-AF43-477D-AC1F-E9A9B1A7A138}.Debug|Any CPU.ActiveCfg = Debug|Any CPU
		{E3C8FD54-AF43-477D-AC1F-E9A9B1A7A138}.Debug|Any CPU.Build.0 = Debug|Any CPU
		{E3C8FD54-AF43-477D-AC1F-E9A9B1A7A138}.Release|Any CPU.ActiveCfg = Release|Any CPU
		{E3C8FD54-AF43-477D-AC1F-E9A9B1A7A138}.Release|Any CPU.Build.0 = Release|Any CPU
		{483CAE03-AE37-4BC2-A73D-A3C39367542E}.Debug|Any CPU.ActiveCfg = Debug|Any CPU
		{483CAE03-AE37-4BC2-A73D-A3C39367542E}.Debug|Any CPU.Build.0 = Debug|Any CPU
		{483CAE03-AE37-4BC2-A73D-A3C39367542E}.Release|Any CPU.ActiveCfg = Release|Any CPU
		{483CAE03-AE37-4BC2-A73D-A3C39367542E}.Release|Any CPU.Build.0 = Release|Any CPU
		{678F1A1E-0C5F-4355-98D4-012145518F3B}.Debug|Any CPU.ActiveCfg = Debug|Any CPU
		{678F1A1E-0C5F-4355-98D4-012145518F3B}.Debug|Any CPU.Build.0 = Debug|Any CPU
		{678F1A1E-0C5F-4355-98D4-012145518F3B}.Release|Any CPU.ActiveCfg = Release|Any CPU
		{678F1A1E-0C5F-4355-98D4-012145518F3B}.Release|Any CPU.Build.0 = Release|Any CPU
		{0FB9A2B8-EAB4-4B41-AA6D-54C11E41E48B}.Debug|Any CPU.ActiveCfg = Debug|Any CPU
		{0FB9A2B8-EAB4-4B41-AA6D-54C11E41E48B}.Debug|Any CPU.Build.0 = Debug|Any CPU
		{0FB9A2B8-EAB4-4B41-AA6D-54C11E41E48B}.Release|Any CPU.ActiveCfg = Release|Any CPU
		{0FB9A2B8-EAB4-4B41-AA6D-54C11E41E48B}.Release|Any CPU.Build.0 = Release|Any CPU
		{2F55B37E-9FC8-44AB-9F36-778F43BE78E0}.Debug|Any CPU.ActiveCfg = Debug|Any CPU
		{2F55B37E-9FC8-44AB-9F36-778F43BE78E0}.Debug|Any CPU.Build.0 = Debug|Any CPU
		{2F55B37E-9FC8-44AB-9F36-778F43BE78E0}.Release|Any CPU.ActiveCfg = Release|Any CPU
		{2F55B37E-9FC8-44AB-9F36-778F43BE78E0}.Release|Any CPU.Build.0 = Release|Any CPU
		{78AB67CA-BE76-4352-BF2D-278628DF3D9B}.Debug|Any CPU.ActiveCfg = Debug|Any CPU
		{78AB67CA-BE76-4352-BF2D-278628DF3D9B}.Debug|Any CPU.Build.0 = Debug|Any CPU
		{78AB67CA-BE76-4352-BF2D-278628DF3D9B}.Release|Any CPU.ActiveCfg = Release|Any CPU
		{78AB67CA-BE76-4352-BF2D-278628DF3D9B}.Release|Any CPU.Build.0 = Release|Any CPU
		{24709F17-5299-4065-89F9-44C00B9BE635}.Debug|Any CPU.ActiveCfg = Debug|Any CPU
		{24709F17-5299-4065-89F9-44C00B9BE635}.Debug|Any CPU.Build.0 = Debug|Any CPU
		{24709F17-5299-4065-89F9-44C00B9BE635}.Release|Any CPU.ActiveCfg = Release|Any CPU
		{24709F17-5299-4065-89F9-44C00B9BE635}.Release|Any CPU.Build.0 = Release|Any CPU
		{C7403E32-4132-4298-BC6F-3F1BA68345ED}.Debug|Any CPU.ActiveCfg = Debug|Any CPU
		{C7403E32-4132-4298-BC6F-3F1BA68345ED}.Debug|Any CPU.Build.0 = Debug|Any CPU
		{C7403E32-4132-4298-BC6F-3F1BA68345ED}.Release|Any CPU.ActiveCfg = Release|Any CPU
		{C7403E32-4132-4298-BC6F-3F1BA68345ED}.Release|Any CPU.Build.0 = Release|Any CPU
	EndGlobalSection
	GlobalSection(SolutionProperties) = preSolution
		HideSolutionNode = FALSE
	EndGlobalSection
	GlobalSection(NestedProjects) = preSolution
		{485EA29B-C978-4F19-B2DF-48CA3D67D0D5} = {0696277F-A766-4924-A3B0-E20F731C582F}
		{C0B767C0-B244-49E0-9810-306C5D0823D5} = {0696277F-A766-4924-A3B0-E20F731C582F}
		{EF8FFB59-569D-412E-BF3B-2E8D40D9EED1} = {C0B767C0-B244-49E0-9810-306C5D0823D5}
		{3DF47712-6544-41A4-A503-9D813FA5C90D} = {C0B767C0-B244-49E0-9810-306C5D0823D5}
		{7B215315-4A44-4B7B-ADD2-129B0ADDE662} = {0696277F-A766-4924-A3B0-E20F731C582F}
		{53BB498C-64F8-4E75-8DEB-05A5CBF51C0A} = {7B215315-4A44-4B7B-ADD2-129B0ADDE662}
		{F353D48F-57D4-4375-A9D7-06B4937ED792} = {7B215315-4A44-4B7B-ADD2-129B0ADDE662}
		{4829FA75-03A6-42BD-BABE-D7A5E15C8FAD} = {C0B767C0-B244-49E0-9810-306C5D0823D5}
		{D45470D5-DCE6-482B-911C-BE38272B928A} = {C0B767C0-B244-49E0-9810-306C5D0823D5}
		{FC29EB73-60F0-4613-B687-C809BAFB1AFD} = {C0B767C0-B244-49E0-9810-306C5D0823D5}
		{6DE1F0E8-8ED1-4B97-8591-2B8C16B6E951} = {FC29EB73-60F0-4613-B687-C809BAFB1AFD}
		{E3C8FD54-AF43-477D-AC1F-E9A9B1A7A138} = {FC29EB73-60F0-4613-B687-C809BAFB1AFD}
		{A5658FDF-1A56-448F-B3A6-381AB0488327} = {C0B767C0-B244-49E0-9810-306C5D0823D5}
		{483CAE03-AE37-4BC2-A73D-A3C39367542E} = {A5658FDF-1A56-448F-B3A6-381AB0488327}
		{678F1A1E-0C5F-4355-98D4-012145518F3B} = {A5658FDF-1A56-448F-B3A6-381AB0488327}
		{0FB9A2B8-EAB4-4B41-AA6D-54C11E41E48B} = {4829FA75-03A6-42BD-BABE-D7A5E15C8FAD}
		{2F55B37E-9FC8-44AB-9F36-778F43BE78E0} = {4829FA75-03A6-42BD-BABE-D7A5E15C8FAD}
		{78AB67CA-BE76-4352-BF2D-278628DF3D9B} = {D45470D5-DCE6-482B-911C-BE38272B928A}
		{24709F17-5299-4065-89F9-44C00B9BE635} = {D45470D5-DCE6-482B-911C-BE38272B928A}
		{C7403E32-4132-4298-BC6F-3F1BA68345ED} = {485EA29B-C978-4F19-B2DF-48CA3D67D0D5}
	EndGlobalSection
EndGlobal
