
Microsoft Visual Studio Solution File, Format Version 12.00
# Visual Studio Version 17
VisualStudioVersion = 17.0.31903.59
MinimumVisualStudioVersion = 10.0.40219.1
Project("{2150E333-8FDC-42A3-9474-1A3956D46DE8}") = "Plugins", "Plugins", "{C0B767C0-B244-49E0-9810-306C5D0823D5}"
EndProject
Project("{FAE04EC0-301F-11D3-BF4B-00C04F79EFBC}") = "Plugins.Abstractions", "src\Plugins\Abstractions\Plugins.Abstractions.csproj", "{EF8FFB59-569D-412E-BF3B-2E8D40D9EED1}"
EndProject
Project("{FAE04EC0-301F-11D3-BF4B-00C04F79EFBC}") = "Plugins.Loader", "src\Plugins\Loader\Plugins.Loader.csproj", "{3DF47712-6544-41A4-A503-9D813FA5C90D}"
EndProject
Project("{2150E333-8FDC-42A3-9474-1A3956D46DE8}") = "AspNetCore", "AspNetCore", "{6C8A1A02-46F7-4C6C-9F04-3D51220C8D10}"
EndProject
Project("{2150E333-8FDC-42A3-9474-1A3956D46DE8}") = "Authentication", "Authentication", "{E72913C7-7BDF-4125-A732-8B9DBD46A85F}"
EndProject
Project("{FAE04EC0-301F-11D3-BF4B-00C04F79EFBC}") = "AspNetCore.Authentication.Abstractions", "src\AspNetCore\Authentication\Abstractions\AspNetCore.Authentication.Abstractions.csproj", "{D1765231-82FC-4F4E-9BED-3FAFF79B0196}"
EndProject
Project("{FAE04EC0-301F-11D3-BF4B-00C04F79EFBC}") = "AspNetCore.Authentication", "src\AspNetCore\Authentication\Authentication\AspNetCore.Authentication.csproj", "{F07ECB85-FBD7-4776-B49E-773789E080E4}"
EndProject
Project("{2150E333-8FDC-42A3-9474-1A3956D46DE8}") = "Configuration", "Configuration", "{1B1870F5-BF77-4E02-9B8D-3951748C7C8B}"
EndProject
Project("{FAE04EC0-301F-11D3-BF4B-00C04F79EFBC}") = "Configuration.Abstractions", "src\Configuration\Abstractions\Configuration.Abstractions.csproj", "{3FBC43A9-3FB7-4B1A-8C23-51475D5C449B}"
EndProject
Project("{2150E333-8FDC-42A3-9474-1A3956D46DE8}") = "Logging", "Logging", "{42A06B1F-FD10-411C-8332-374978E97542}"
EndProject
Project("{FAE04EC0-301F-11D3-BF4B-00C04F79EFBC}") = "Logging.Abstractions", "src\Logging\Abstractions\Logging.Abstractions.csproj", "{D904A163-F2B4-4AE0-A67A-34A1D5B313D2}"
EndProject
Project("{2150E333-8FDC-42A3-9474-1A3956D46DE8}") = "Runtime", "Runtime", "{7B215315-4A44-4B7B-ADD2-129B0ADDE662}"
EndProject
Project("{FAE04EC0-301F-11D3-BF4B-00C04F79EFBC}") = "Runtime.Extensions", "src\Runtime\Extensions\Runtime.Extensions.csproj", "{53BB498C-64F8-4E75-8DEB-05A5CBF51C0A}"
EndProject
Project("{2150E333-8FDC-42A3-9474-1A3956D46DE8}") = "Http", "Http", "{06D0C9AD-0530-43E8-A2FB-138766C445EA}"
EndProject
Project("{FAE04EC0-301F-11D3-BF4B-00C04F79EFBC}") = "Http.Abstractions", "src\Http\Abstractions\Http.Abstractions.csproj", "{F639318B-A5EE-4E86-9696-D2D6DBAAD54E}"
EndProject
Project("{FAE04EC0-301F-11D3-BF4B-00C04F79EFBC}") = "Runtime.Abstractions", "src\Runtime\Abstractions\Runtime.Abstractions.csproj", "{F353D48F-57D4-4375-A9D7-06B4937ED792}"
EndProject
Project("{2150E333-8FDC-42A3-9474-1A3956D46DE8}") = "Caching", "Caching", "{D0759FA6-1A1D-4E4A-8D3C-3333CB590F41}"
EndProject
Project("{FAE04EC0-301F-11D3-BF4B-00C04F79EFBC}") = "Caching.Abstractions", "src\Caching\Abstractions\Caching.Abstractions.csproj", "{95DC0A8F-6A1D-4924-A0C3-54DA56384DCA}"
EndProject
Project("{2150E333-8FDC-42A3-9474-1A3956D46DE8}") = "DistributedLock", "DistributedLock", "{0480F5E4-A15D-41F3-8D1E-ECFBF89E106A}"
EndProject
Project("{FAE04EC0-301F-11D3-BF4B-00C04F79EFBC}") = "DistributedLock.Abstractions", "src\DistributedLock\Abstractions\DistributedLock.Abstractions.csproj", "{3A75CB79-D6C2-4FCD-A6FA-64F6998E3576}"
EndProject
Project("{FAE04EC0-301F-11D3-BF4B-00C04F79EFBC}") = "DistributedLock", "src\DistributedLock\DistributedLock\DistributedLock.csproj", "{2C7855B5-1951-446F-B4BB-7EEC2BBB23B1}"
EndProject
Project("{2150E333-8FDC-42A3-9474-1A3956D46DE8}") = "Code", "Code", "{0696277F-A766-4924-A3B0-E20F731C582F}"
EndProject
Project("{FAE04EC0-301F-11D3-BF4B-00C04F79EFBC}") = "Caching", "src\Caching\Caching\Caching.csproj", "{5AA34766-693A-448A-856B-5FEC24872B56}"
EndProject
Project("{FAE04EC0-301F-11D3-BF4B-00C04F79EFBC}") = "Caching.Redis", "src\Caching\Redis\Caching.Redis.csproj", "{B66D6A60-9F20-443C-9EE3-1A4B4FD44302}"
EndProject
Project("{2150E333-8FDC-42A3-9474-1A3956D46DE8}") = "Authorization", "Authorization", "{3B6CD03E-D563-4432-906C-61C54B60AA53}"
EndProject
Project("{FAE04EC0-301F-11D3-BF4B-00C04F79EFBC}") = "AspNetCore.Authorization.Abstractions", "src\AspNetCore\Authorization\Abstractions\AspNetCore.Authorization.Abstractions.csproj", "{6F7ED19B-FF9C-46F8-8E2D-3AEE5301CBDC}"
EndProject
Project("{FAE04EC0-301F-11D3-BF4B-00C04F79EFBC}") = "AspNetCore.Authorization", "src\AspNetCore\Authorization\Authorization\AspNetCore.Authorization.csproj", "{D0A0F49C-B651-44CA-A7E2-BB47ADCDC93B}"
EndProject
Project("{2150E333-8FDC-42A3-9474-1A3956D46DE8}") = "Serialization", "Serialization", "{34F54EA3-EEC7-49FC-9243-822C8BB54718}"
EndProject
Project("{FAE04EC0-301F-11D3-BF4B-00C04F79EFBC}") = "Serialization.Json", "src\Serialization\Json\Serialization.Json.csproj", "{C5BF52E0-D3B1-4589-8BE2-F5F1A9C2AC58}"
EndProject
Project("{2150E333-8FDC-42A3-9474-1A3956D46DE8}") = "Authentication", "Authentication", "{618ABFAE-29C3-4619-9DD9-2DC8CB235A7A}"
EndProject
Project("{FAE04EC0-301F-11D3-BF4B-00C04F79EFBC}") = "Authentication.Abstractions", "src\Authentication\Abstractions\Authentication.Abstractions.csproj", "{E9FA1217-913A-41D5-AB0E-5F98BE82B689}"
EndProject
Project("{2150E333-8FDC-42A3-9474-1A3956D46DE8}") = "OpenIdConnect", "OpenIdConnect", "{CCFEE41E-8C92-4580-A4C1-B5833C844F86}"
EndProject
Project("{FAE04EC0-301F-11D3-BF4B-00C04F79EFBC}") = "Authentication.OpenIdConnect.Keycloak", "src\Authentication\OpenIdConnect\Keycloak\Authentication.OpenIdConnect.Keycloak.csproj", "{B484F810-8FA5-49F4-8B1A-3B6BCFC2C909}"
EndProject
Project("{2150E333-8FDC-42A3-9474-1A3956D46DE8}") = "DependencyInjection", "DependencyInjection", "{4829FA75-03A6-42BD-BABE-D7A5E15C8FAD}"
EndProject
Project("{FAE04EC0-301F-11D3-BF4B-00C04F79EFBC}") = "Authentication.OpenIdConnect.Abstractions", "src\Authentication\OpenIdConnect\Abstractions\Authentication.OpenIdConnect.Abstractions.csproj", "{7DBA2C4D-AB7C-48BE-85DA-6E851171725D}"
EndProject
Project("{FAE04EC0-301F-11D3-BF4B-00C04F79EFBC}") = "AspNetCore.OpenApi", "src\AspNetCore\OpenApi\AspNetCore.OpenApi.csproj", "{8E8761C9-1D76-45D8-9729-ED73E3B9D829}"
EndProject
Project("{FAE04EC0-301F-11D3-BF4B-00C04F79EFBC}") = "AspNetCore.CORS", "src\AspNetCore\CORS\AspNetCore.CORS.csproj", "{543A0974-1D1C-4D87-A969-A69747DB7E76}"
EndProject
Project("{2150E333-8FDC-42A3-9474-1A3956D46DE8}") = "Configuration", "Configuration", "{D45470D5-DCE6-482B-911C-BE38272B928A}"
EndProject
Project("{FAE04EC0-301F-11D3-BF4B-00C04F79EFBC}") = "AspNetCore.Extensions", "src\AspNetCore\Extensions\AspNetCore.Extensions.csproj", "{F3E5BD64-3E8C-4279-94B7-796DF7F77C20}"
EndProject
Project("{2150E333-8FDC-42A3-9474-1A3956D46DE8}") = "AspNetCore", "AspNetCore", "{FC29EB73-60F0-4613-B687-C809BAFB1AFD}"
EndProject
Project("{FAE04EC0-301F-11D3-BF4B-00C04F79EFBC}") = "Plugins.AspNetCore.Abstractions", "src\Plugins\AspNetCore\Abstractions\Plugins.AspNetCore.Abstractions.csproj", "{6DE1F0E8-8ED1-4B97-8591-2B8C16B6E951}"
EndProject
Project("{FAE04EC0-301F-11D3-BF4B-00C04F79EFBC}") = "Plugins.AspNetCore.Extensions", "src\Plugins\AspNetCore\Extensions\Plugins.AspNetCore.Extensions.csproj", "{E3C8FD54-AF43-477D-AC1F-E9A9B1A7A138}"
EndProject
Project("{2150E333-8FDC-42A3-9474-1A3956D46DE8}") = "Hosting", "Hosting", "{A5658FDF-1A56-448F-B3A6-381AB0488327}"
EndProject
Project("{FAE04EC0-301F-11D3-BF4B-00C04F79EFBC}") = "Plugins.Hosting.Abstractions", "src\Plugins\Hosting\Abstractions\Plugins.Hosting.Abstractions.csproj", "{483CAE03-AE37-4BC2-A73D-A3C39367542E}"
EndProject
Project("{FAE04EC0-301F-11D3-BF4B-00C04F79EFBC}") = "Plugins.Hosting.Extensions", "src\Plugins\Hosting\Extensions\Plugins.Hosting.Extensions.csproj", "{678F1A1E-0C5F-4355-98D4-012145518F3B}"
EndProject
Project("{FAE04EC0-301F-11D3-BF4B-00C04F79EFBC}") = "Plugins.DependencyInjection.Abstractions", "src\Plugins\DependencyInjection\Abstractions\Plugins.DependencyInjection.Abstractions.csproj", "{0FB9A2B8-EAB4-4B41-AA6D-54C11E41E48B}"
EndProject
Project("{FAE04EC0-301F-11D3-BF4B-00C04F79EFBC}") = "Plugins.DependencyInjection.Extensions", "src\Plugins\DependencyInjection\Extensions\Plugins.DependencyInjection.Extensions.csproj", "{2F55B37E-9FC8-44AB-9F36-778F43BE78E0}"
EndProject
Project("{FAE04EC0-301F-11D3-BF4B-00C04F79EFBC}") = "Plugins.Configuration.Abstractions", "src\Plugins\Configuration\Abstractions\Plugins.Configuration.Abstractions.csproj", "{78AB67CA-BE76-4352-BF2D-278628DF3D9B}"
EndProject
Project("{FAE04EC0-301F-11D3-BF4B-00C04F79EFBC}") = "Plugins.Configuration.Extensions", "src\Plugins\Configuration\Extensions\Plugins.Configuration.Extensions.csproj", "{24709F17-5299-4065-89F9-44C00B9BE635}"
EndProject
Project("{FAE04EC0-301F-11D3-BF4B-00C04F79EFBC}") = "Configuration", "src\Configuration\Configuration\Configuration.csproj", "{8C7F5BDF-659B-45C0-8EA7-FA9C21FD0E51}"
EndProject
Project("{2150E333-8FDC-42A3-9474-1A3956D46DE8}") = "Clients", "Clients", "{96970590-9052-4140-B7E1-796114EF71D3}"
EndProject
Project("{2150E333-8FDC-42A3-9474-1A3956D46DE8}") = "Http", "Http", "{D3B9C1E1-E747-4D59-972D-D8C3F53B7E15}"
EndProject
Project("{FAE04EC0-301F-11D3-BF4B-00C04F79EFBC}") = "Clients.Http.Extensions", "src\Clients\Http\Extensions\Clients.Http.Extensions.csproj", "{A87611D7-6473-442F-9021-8EF0CA96E27D}"
EndProject
Project("{FAE04EC0-301F-11D3-BF4B-00C04F79EFBC}") = "Clients.Http.Abstractions", "src\Clients\Http\Abstractions\Clients.Http.Abstractions.csproj", "{059B266B-C78D-45CE-B4D3-7FB40DB0277B}"
EndProject
Project("{FAE04EC0-301F-11D3-BF4B-00C04F79EFBC}") = "Clients.Abstractions", "src\Clients\Abstractions\Clients.Abstractions.csproj", "{B22A9D5B-E87D-42FB-A1F6-46778638C02F}"
EndProject
Project("{2150E333-8FDC-42A3-9474-1A3956D46DE8}") = "Security", "Security", "{7428AC95-0EE7-44E1-9C26-5E5E021EBB5B}"
EndProject
Project("{FAE04EC0-301F-11D3-BF4B-00C04F79EFBC}") = "Security.Extensions", "src\Security\Extensions\Security.Extensions.csproj", "{F12FFA32-D924-406F-85B9-92CE631EEFB0}"
EndProject
Project("{2150E333-8FDC-42A3-9474-1A3956D46DE8}") = "Hosting", "Hosting", "{6F09818D-4D71-4C39-AA2E-DDDC4412DFB5}"
EndProject
Project("{2150E333-8FDC-42A3-9474-1A3956D46DE8}") = "AspNetCore", "AspNetCore", "{99D16A32-4BF7-4DE0-835D-8B3E5AB84301}"
EndProject
Project("{FAE04EC0-301F-11D3-BF4B-00C04F79EFBC}") = "Logging.AspNetCore.Microsoft", "src\Logging\AspNetCore\Microsoft\Logging.AspNetCore.Microsoft.csproj", "{0D13043F-10BC-46DB-982B-75F1DB8E25C1}"
EndProject
Project("{FAE04EC0-301F-11D3-BF4B-00C04F79EFBC}") = "Logging.AspNetCore.Serilog", "src\Logging\AspNetCore\Serilog\Logging.AspNetCore.Serilog.csproj", "{270A4C06-758B-4D8B-8689-6648362DC9F6}"
EndProject
Project("{FAE04EC0-301F-11D3-BF4B-00C04F79EFBC}") = "Logging.Hosting.Microsoft", "src\Logging\Hosting\Microsoft\Logging.Hosting.Microsoft.csproj", "{61D34B6E-DF19-47CB-82E2-8FE56E62A90C}"
EndProject
Project("{FAE04EC0-301F-11D3-BF4B-00C04F79EFBC}") = "Logging.Hosting.Serilog", "src\Logging\Hosting\Serilog\Logging.Hosting.Serilog.csproj", "{4F244C10-60BF-4721-A84B-199473321DAA}"
EndProject
Project("{FAE04EC0-301F-11D3-BF4B-00C04F79EFBC}") = "Logging.AspNetCore.Abstractions", "src\Logging\AspNetCore\Abstractions\Logging.AspNetCore.Abstractions.csproj", "{EFE6E353-3083-4C52-BB65-6CDDDA74C594}"
EndProject
Project("{2150E333-8FDC-42A3-9474-1A3956D46DE8}") = "Bootstrap", "Bootstrap", "{58B46100-20CC-40F0-A9B7-09E10D2242AD}"
EndProject
Project("{FAE04EC0-301F-11D3-BF4B-00C04F79EFBC}") = "Logging.Bootstrap.Abstractions", "src\Logging\Bootstrap\Abstractions\Logging.Bootstrap.Abstractions.csproj", "{CEEBC2CE-CBA4-446D-8EA7-073FC022D154}"
EndProject
Project("{FAE04EC0-301F-11D3-BF4B-00C04F79EFBC}") = "Logging.Bootstrap.Microsoft", "src\Logging\Bootstrap\Microsoft\Logging.Bootstrap.Microsoft.csproj", "{DA93A842-CC82-456E-9D89-6BC454FD15C6}"
EndProject
Project("{FAE04EC0-301F-11D3-BF4B-00C04F79EFBC}") = "Logging.Bootstrap.Serilog", "src\Logging\Bootstrap\Serilog\Logging.Bootstrap.Serilog.csproj", "{933A2216-CBE5-483A-907E-4F6834D56E0E}"
EndProject
Project("{FAE04EC0-301F-11D3-BF4B-00C04F79EFBC}") = "Caching.Memory", "src\Caching\Memory\Caching.Memory.csproj", "{82513B11-AC2A-49F0-BC10-B32C45C131C1}"
EndProject
Project("{FAE04EC0-301F-11D3-BF4B-00C04F79EFBC}") = "Clients.Http.Authentication", "src\Clients\Http\Authentication\Clients.Http.Authentication.csproj", "{788A9AD3-7BA8-46E7-8495-71DD5B384F37}"
EndProject
Project("{FAE04EC0-301F-11D3-BF4B-00C04F79EFBC}") = "Clients.Http.Caching", "src\Clients\Http\Caching\Clients.Http.Caching.csproj", "{0A6B0229-0B4F-4FAA-AF3A-54943D1B619E}"
EndProject
Project("{FAE04EC0-301F-11D3-BF4B-00C04F79EFBC}") = "Clients.Http.Resilience", "src\Clients\Http\Resilience\Clients.Http.Resilience.csproj", "{1D7E0119-1906-4019-B0C8-13AE742D7970}"
EndProject
Global
	GlobalSection(SolutionConfigurationPlatforms) = preSolution
		Debug|Any CPU = Debug|Any CPU
		Release|Any CPU = Release|Any CPU
	EndGlobalSection
	GlobalSection(ProjectConfigurationPlatforms) = postSolution
		{EF8FFB59-569D-412E-BF3B-2E8D40D9EED1}.Debug|Any CPU.ActiveCfg = Debug|Any CPU
		{EF8FFB59-569D-412E-BF3B-2E8D40D9EED1}.Debug|Any CPU.Build.0 = Debug|Any CPU
		{EF8FFB59-569D-412E-BF3B-2E8D40D9EED1}.Release|Any CPU.ActiveCfg = Release|Any CPU
		{EF8FFB59-569D-412E-BF3B-2E8D40D9EED1}.Release|Any CPU.Build.0 = Release|Any CPU
		{3DF47712-6544-41A4-A503-9D813FA5C90D}.Debug|Any CPU.ActiveCfg = Debug|Any CPU
		{3DF47712-6544-41A4-A503-9D813FA5C90D}.Debug|Any CPU.Build.0 = Debug|Any CPU
		{3DF47712-6544-41A4-A503-9D813FA5C90D}.Release|Any CPU.ActiveCfg = Release|Any CPU
		{3DF47712-6544-41A4-A503-9D813FA5C90D}.Release|Any CPU.Build.0 = Release|Any CPU
		{D1765231-82FC-4F4E-9BED-3FAFF79B0196}.Debug|Any CPU.ActiveCfg = Debug|Any CPU
		{D1765231-82FC-4F4E-9BED-3FAFF79B0196}.Debug|Any CPU.Build.0 = Debug|Any CPU
		{D1765231-82FC-4F4E-9BED-3FAFF79B0196}.Release|Any CPU.ActiveCfg = Release|Any CPU
		{D1765231-82FC-4F4E-9BED-3FAFF79B0196}.Release|Any CPU.Build.0 = Release|Any CPU
		{F07ECB85-FBD7-4776-B49E-773789E080E4}.Debug|Any CPU.ActiveCfg = Debug|Any CPU
		{F07ECB85-FBD7-4776-B49E-773789E080E4}.Debug|Any CPU.Build.0 = Debug|Any CPU
		{F07ECB85-FBD7-4776-B49E-773789E080E4}.Release|Any CPU.ActiveCfg = Release|Any CPU
		{F07ECB85-FBD7-4776-B49E-773789E080E4}.Release|Any CPU.Build.0 = Release|Any CPU
		{3FBC43A9-3FB7-4B1A-8C23-51475D5C449B}.Debug|Any CPU.ActiveCfg = Debug|Any CPU
		{3FBC43A9-3FB7-4B1A-8C23-51475D5C449B}.Debug|Any CPU.Build.0 = Debug|Any CPU
		{3FBC43A9-3FB7-4B1A-8C23-51475D5C449B}.Release|Any CPU.ActiveCfg = Release|Any CPU
		{3FBC43A9-3FB7-4B1A-8C23-51475D5C449B}.Release|Any CPU.Build.0 = Release|Any CPU
		{D904A163-F2B4-4AE0-A67A-34A1D5B313D2}.Debug|Any CPU.ActiveCfg = Debug|Any CPU
		{D904A163-F2B4-4AE0-A67A-34A1D5B313D2}.Debug|Any CPU.Build.0 = Debug|Any CPU
		{D904A163-F2B4-4AE0-A67A-34A1D5B313D2}.Release|Any CPU.ActiveCfg = Release|Any CPU
		{D904A163-F2B4-4AE0-A67A-34A1D5B313D2}.Release|Any CPU.Build.0 = Release|Any CPU
		{53BB498C-64F8-4E75-8DEB-05A5CBF51C0A}.Debug|Any CPU.ActiveCfg = Debug|Any CPU
		{53BB498C-64F8-4E75-8DEB-05A5CBF51C0A}.Debug|Any CPU.Build.0 = Debug|Any CPU
		{53BB498C-64F8-4E75-8DEB-05A5CBF51C0A}.Release|Any CPU.ActiveCfg = Release|Any CPU
		{53BB498C-64F8-4E75-8DEB-05A5CBF51C0A}.Release|Any CPU.Build.0 = Release|Any CPU
		{F639318B-A5EE-4E86-9696-D2D6DBAAD54E}.Debug|Any CPU.ActiveCfg = Debug|Any CPU
		{F639318B-A5EE-4E86-9696-D2D6DBAAD54E}.Debug|Any CPU.Build.0 = Debug|Any CPU
		{F639318B-A5EE-4E86-9696-D2D6DBAAD54E}.Release|Any CPU.ActiveCfg = Release|Any CPU
		{F639318B-A5EE-4E86-9696-D2D6DBAAD54E}.Release|Any CPU.Build.0 = Release|Any CPU
		{F353D48F-57D4-4375-A9D7-06B4937ED792}.Debug|Any CPU.ActiveCfg = Debug|Any CPU
		{F353D48F-57D4-4375-A9D7-06B4937ED792}.Debug|Any CPU.Build.0 = Debug|Any CPU
		{F353D48F-57D4-4375-A9D7-06B4937ED792}.Release|Any CPU.ActiveCfg = Release|Any CPU
		{F353D48F-57D4-4375-A9D7-06B4937ED792}.Release|Any CPU.Build.0 = Release|Any CPU
		{95DC0A8F-6A1D-4924-A0C3-54DA56384DCA}.Debug|Any CPU.ActiveCfg = Debug|Any CPU
		{95DC0A8F-6A1D-4924-A0C3-54DA56384DCA}.Debug|Any CPU.Build.0 = Debug|Any CPU
		{95DC0A8F-6A1D-4924-A0C3-54DA56384DCA}.Release|Any CPU.ActiveCfg = Release|Any CPU
		{95DC0A8F-6A1D-4924-A0C3-54DA56384DCA}.Release|Any CPU.Build.0 = Release|Any CPU
		{3A75CB79-D6C2-4FCD-A6FA-64F6998E3576}.Debug|Any CPU.ActiveCfg = Debug|Any CPU
		{3A75CB79-D6C2-4FCD-A6FA-64F6998E3576}.Debug|Any CPU.Build.0 = Debug|Any CPU
		{3A75CB79-D6C2-4FCD-A6FA-64F6998E3576}.Release|Any CPU.ActiveCfg = Release|Any CPU
		{3A75CB79-D6C2-4FCD-A6FA-64F6998E3576}.Release|Any CPU.Build.0 = Release|Any CPU
		{2C7855B5-1951-446F-B4BB-7EEC2BBB23B1}.Debug|Any CPU.ActiveCfg = Debug|Any CPU
		{2C7855B5-1951-446F-B4BB-7EEC2BBB23B1}.Debug|Any CPU.Build.0 = Debug|Any CPU
		{2C7855B5-1951-446F-B4BB-7EEC2BBB23B1}.Release|Any CPU.ActiveCfg = Release|Any CPU
		{2C7855B5-1951-446F-B4BB-7EEC2BBB23B1}.Release|Any CPU.Build.0 = Release|Any CPU
		{5AA34766-693A-448A-856B-5FEC24872B56}.Debug|Any CPU.ActiveCfg = Debug|Any CPU
		{5AA34766-693A-448A-856B-5FEC24872B56}.Debug|Any CPU.Build.0 = Debug|Any CPU
		{5AA34766-693A-448A-856B-5FEC24872B56}.Release|Any CPU.ActiveCfg = Release|Any CPU
		{5AA34766-693A-448A-856B-5FEC24872B56}.Release|Any CPU.Build.0 = Release|Any CPU
		{B66D6A60-9F20-443C-9EE3-1A4B4FD44302}.Debug|Any CPU.ActiveCfg = Debug|Any CPU
		{B66D6A60-9F20-443C-9EE3-1A4B4FD44302}.Debug|Any CPU.Build.0 = Debug|Any CPU
		{B66D6A60-9F20-443C-9EE3-1A4B4FD44302}.Release|Any CPU.ActiveCfg = Release|Any CPU
		{B66D6A60-9F20-443C-9EE3-1A4B4FD44302}.Release|Any CPU.Build.0 = Release|Any CPU
		{6F7ED19B-FF9C-46F8-8E2D-3AEE5301CBDC}.Debug|Any CPU.ActiveCfg = Debug|Any CPU
		{6F7ED19B-FF9C-46F8-8E2D-3AEE5301CBDC}.Debug|Any CPU.Build.0 = Debug|Any CPU
		{6F7ED19B-FF9C-46F8-8E2D-3AEE5301CBDC}.Release|Any CPU.ActiveCfg = Release|Any CPU
		{6F7ED19B-FF9C-46F8-8E2D-3AEE5301CBDC}.Release|Any CPU.Build.0 = Release|Any CPU
		{D0A0F49C-B651-44CA-A7E2-BB47ADCDC93B}.Debug|Any CPU.ActiveCfg = Debug|Any CPU
		{D0A0F49C-B651-44CA-A7E2-BB47ADCDC93B}.Debug|Any CPU.Build.0 = Debug|Any CPU
		{D0A0F49C-B651-44CA-A7E2-BB47ADCDC93B}.Release|Any CPU.ActiveCfg = Release|Any CPU
		{D0A0F49C-B651-44CA-A7E2-BB47ADCDC93B}.Release|Any CPU.Build.0 = Release|Any CPU
		{C5BF52E0-D3B1-4589-8BE2-F5F1A9C2AC58}.Debug|Any CPU.ActiveCfg = Debug|Any CPU
		{C5BF52E0-D3B1-4589-8BE2-F5F1A9C2AC58}.Debug|Any CPU.Build.0 = Debug|Any CPU
		{C5BF52E0-D3B1-4589-8BE2-F5F1A9C2AC58}.Release|Any CPU.ActiveCfg = Release|Any CPU
		{C5BF52E0-D3B1-4589-8BE2-F5F1A9C2AC58}.Release|Any CPU.Build.0 = Release|Any CPU
		{E9FA1217-913A-41D5-AB0E-5F98BE82B689}.Debug|Any CPU.ActiveCfg = Debug|Any CPU
		{E9FA1217-913A-41D5-AB0E-5F98BE82B689}.Debug|Any CPU.Build.0 = Debug|Any CPU
		{E9FA1217-913A-41D5-AB0E-5F98BE82B689}.Release|Any CPU.ActiveCfg = Release|Any CPU
		{E9FA1217-913A-41D5-AB0E-5F98BE82B689}.Release|Any CPU.Build.0 = Release|Any CPU
		{B484F810-8FA5-49F4-8B1A-3B6BCFC2C909}.Debug|Any CPU.ActiveCfg = Debug|Any CPU
		{B484F810-8FA5-49F4-8B1A-3B6BCFC2C909}.Debug|Any CPU.Build.0 = Debug|Any CPU
		{B484F810-8FA5-49F4-8B1A-3B6BCFC2C909}.Release|Any CPU.ActiveCfg = Release|Any CPU
		{B484F810-8FA5-49F4-8B1A-3B6BCFC2C909}.Release|Any CPU.Build.0 = Release|Any CPU
		{7DBA2C4D-AB7C-48BE-85DA-6E851171725D}.Debug|Any CPU.ActiveCfg = Debug|Any CPU
		{7DBA2C4D-AB7C-48BE-85DA-6E851171725D}.Debug|Any CPU.Build.0 = Debug|Any CPU
		{7DBA2C4D-AB7C-48BE-85DA-6E851171725D}.Release|Any CPU.ActiveCfg = Release|Any CPU
		{7DBA2C4D-AB7C-48BE-85DA-6E851171725D}.Release|Any CPU.Build.0 = Release|Any CPU
		{8E8761C9-1D76-45D8-9729-ED73E3B9D829}.Debug|Any CPU.ActiveCfg = Debug|Any CPU
		{8E8761C9-1D76-45D8-9729-ED73E3B9D829}.Debug|Any CPU.Build.0 = Debug|Any CPU
		{8E8761C9-1D76-45D8-9729-ED73E3B9D829}.Release|Any CPU.ActiveCfg = Release|Any CPU
		{8E8761C9-1D76-45D8-9729-ED73E3B9D829}.Release|Any CPU.Build.0 = Release|Any CPU
		{543A0974-1D1C-4D87-A969-A69747DB7E76}.Debug|Any CPU.ActiveCfg = Debug|Any CPU
		{543A0974-1D1C-4D87-A969-A69747DB7E76}.Debug|Any CPU.Build.0 = Debug|Any CPU
		{543A0974-1D1C-4D87-A969-A69747DB7E76}.Release|Any CPU.ActiveCfg = Release|Any CPU
		{543A0974-1D1C-4D87-A969-A69747DB7E76}.Release|Any CPU.Build.0 = Release|Any CPU
		{F3E5BD64-3E8C-4279-94B7-796DF7F77C20}.Debug|Any CPU.ActiveCfg = Debug|Any CPU
		{F3E5BD64-3E8C-4279-94B7-796DF7F77C20}.Debug|Any CPU.Build.0 = Debug|Any CPU
		{F3E5BD64-3E8C-4279-94B7-796DF7F77C20}.Release|Any CPU.ActiveCfg = Release|Any CPU
		{F3E5BD64-3E8C-4279-94B7-796DF7F77C20}.Release|Any CPU.Build.0 = Release|Any CPU
		{6DE1F0E8-8ED1-4B97-8591-2B8C16B6E951}.Debug|Any CPU.ActiveCfg = Debug|Any CPU
		{6DE1F0E8-8ED1-4B97-8591-2B8C16B6E951}.Debug|Any CPU.Build.0 = Debug|Any CPU
		{6DE1F0E8-8ED1-4B97-8591-2B8C16B6E951}.Release|Any CPU.ActiveCfg = Release|Any CPU
		{6DE1F0E8-8ED1-4B97-8591-2B8C16B6E951}.Release|Any CPU.Build.0 = Release|Any CPU
		{E3C8FD54-AF43-477D-AC1F-E9A9B1A7A138}.Debug|Any CPU.ActiveCfg = Debug|Any CPU
		{E3C8FD54-AF43-477D-AC1F-E9A9B1A7A138}.Debug|Any CPU.Build.0 = Debug|Any CPU
		{E3C8FD54-AF43-477D-AC1F-E9A9B1A7A138}.Release|Any CPU.ActiveCfg = Release|Any CPU
		{E3C8FD54-AF43-477D-AC1F-E9A9B1A7A138}.Release|Any CPU.Build.0 = Release|Any CPU
		{483CAE03-AE37-4BC2-A73D-A3C39367542E}.Debug|Any CPU.ActiveCfg = Debug|Any CPU
		{483CAE03-AE37-4BC2-A73D-A3C39367542E}.Debug|Any CPU.Build.0 = Debug|Any CPU
		{483CAE03-AE37-4BC2-A73D-A3C39367542E}.Release|Any CPU.ActiveCfg = Release|Any CPU
		{483CAE03-AE37-4BC2-A73D-A3C39367542E}.Release|Any CPU.Build.0 = Release|Any CPU
		{678F1A1E-0C5F-4355-98D4-012145518F3B}.Debug|Any CPU.ActiveCfg = Debug|Any CPU
		{678F1A1E-0C5F-4355-98D4-012145518F3B}.Debug|Any CPU.Build.0 = Debug|Any CPU
		{678F1A1E-0C5F-4355-98D4-012145518F3B}.Release|Any CPU.ActiveCfg = Release|Any CPU
		{678F1A1E-0C5F-4355-98D4-012145518F3B}.Release|Any CPU.Build.0 = Release|Any CPU
		{0FB9A2B8-EAB4-4B41-AA6D-54C11E41E48B}.Debug|Any CPU.ActiveCfg = Debug|Any CPU
		{0FB9A2B8-EAB4-4B41-AA6D-54C11E41E48B}.Debug|Any CPU.Build.0 = Debug|Any CPU
		{0FB9A2B8-EAB4-4B41-AA6D-54C11E41E48B}.Release|Any CPU.ActiveCfg = Release|Any CPU
		{0FB9A2B8-EAB4-4B41-AA6D-54C11E41E48B}.Release|Any CPU.Build.0 = Release|Any CPU
		{2F55B37E-9FC8-44AB-9F36-778F43BE78E0}.Debug|Any CPU.ActiveCfg = Debug|Any CPU
		{2F55B37E-9FC8-44AB-9F36-778F43BE78E0}.Debug|Any CPU.Build.0 = Debug|Any CPU
		{2F55B37E-9FC8-44AB-9F36-778F43BE78E0}.Release|Any CPU.ActiveCfg = Release|Any CPU
		{2F55B37E-9FC8-44AB-9F36-778F43BE78E0}.Release|Any CPU.Build.0 = Release|Any CPU
		{78AB67CA-BE76-4352-BF2D-278628DF3D9B}.Debug|Any CPU.ActiveCfg = Debug|Any CPU
		{78AB67CA-BE76-4352-BF2D-278628DF3D9B}.Debug|Any CPU.Build.0 = Debug|Any CPU
		{78AB67CA-BE76-4352-BF2D-278628DF3D9B}.Release|Any CPU.ActiveCfg = Release|Any CPU
		{78AB67CA-BE76-4352-BF2D-278628DF3D9B}.Release|Any CPU.Build.0 = Release|Any CPU
		{24709F17-5299-4065-89F9-44C00B9BE635}.Debug|Any CPU.ActiveCfg = Debug|Any CPU
		{24709F17-5299-4065-89F9-44C00B9BE635}.Debug|Any CPU.Build.0 = Debug|Any CPU
		{24709F17-5299-4065-89F9-44C00B9BE635}.Release|Any CPU.ActiveCfg = Release|Any CPU
		{24709F17-5299-4065-89F9-44C00B9BE635}.Release|Any CPU.Build.0 = Release|Any CPU
		{8C7F5BDF-659B-45C0-8EA7-FA9C21FD0E51}.Debug|Any CPU.ActiveCfg = Debug|Any CPU
		{8C7F5BDF-659B-45C0-8EA7-FA9C21FD0E51}.Debug|Any CPU.Build.0 = Debug|Any CPU
		{8C7F5BDF-659B-45C0-8EA7-FA9C21FD0E51}.Release|Any CPU.ActiveCfg = Release|Any CPU
		{8C7F5BDF-659B-45C0-8EA7-FA9C21FD0E51}.Release|Any CPU.Build.0 = Release|Any CPU
		{A87611D7-6473-442F-9021-8EF0CA96E27D}.Debug|Any CPU.ActiveCfg = Debug|Any CPU
		{A87611D7-6473-442F-9021-8EF0CA96E27D}.Debug|Any CPU.Build.0 = Debug|Any CPU
		{A87611D7-6473-442F-9021-8EF0CA96E27D}.Release|Any CPU.ActiveCfg = Release|Any CPU
		{A87611D7-6473-442F-9021-8EF0CA96E27D}.Release|Any CPU.Build.0 = Release|Any CPU
		{059B266B-C78D-45CE-B4D3-7FB40DB0277B}.Debug|Any CPU.ActiveCfg = Debug|Any CPU
		{059B266B-C78D-45CE-B4D3-7FB40DB0277B}.Debug|Any CPU.Build.0 = Debug|Any CPU
		{059B266B-C78D-45CE-B4D3-7FB40DB0277B}.Release|Any CPU.ActiveCfg = Release|Any CPU
		{059B266B-C78D-45CE-B4D3-7FB40DB0277B}.Release|Any CPU.Build.0 = Release|Any CPU
		{B22A9D5B-E87D-42FB-A1F6-46778638C02F}.Debug|Any CPU.ActiveCfg = Debug|Any CPU
		{B22A9D5B-E87D-42FB-A1F6-46778638C02F}.Debug|Any CPU.Build.0 = Debug|Any CPU
		{B22A9D5B-E87D-42FB-A1F6-46778638C02F}.Release|Any CPU.ActiveCfg = Release|Any CPU
		{B22A9D5B-E87D-42FB-A1F6-46778638C02F}.Release|Any CPU.Build.0 = Release|Any CPU
		{F12FFA32-D924-406F-85B9-92CE631EEFB0}.Debug|Any CPU.ActiveCfg = Debug|Any CPU
		{F12FFA32-D924-406F-85B9-92CE631EEFB0}.Debug|Any CPU.Build.0 = Debug|Any CPU
		{F12FFA32-D924-406F-85B9-92CE631EEFB0}.Release|Any CPU.ActiveCfg = Release|Any CPU
		{F12FFA32-D924-406F-85B9-92CE631EEFB0}.Release|Any CPU.Build.0 = Release|Any CPU
		{0D13043F-10BC-46DB-982B-75F1DB8E25C1}.Debug|Any CPU.ActiveCfg = Debug|Any CPU
		{0D13043F-10BC-46DB-982B-75F1DB8E25C1}.Debug|Any CPU.Build.0 = Debug|Any CPU
		{0D13043F-10BC-46DB-982B-75F1DB8E25C1}.Release|Any CPU.ActiveCfg = Release|Any CPU
		{0D13043F-10BC-46DB-982B-75F1DB8E25C1}.Release|Any CPU.Build.0 = Release|Any CPU
		{270A4C06-758B-4D8B-8689-6648362DC9F6}.Debug|Any CPU.ActiveCfg = Debug|Any CPU
		{270A4C06-758B-4D8B-8689-6648362DC9F6}.Debug|Any CPU.Build.0 = Debug|Any CPU
		{270A4C06-758B-4D8B-8689-6648362DC9F6}.Release|Any CPU.ActiveCfg = Release|Any CPU
		{270A4C06-758B-4D8B-8689-6648362DC9F6}.Release|Any CPU.Build.0 = Release|Any CPU
		{61D34B6E-DF19-47CB-82E2-8FE56E62A90C}.Debug|Any CPU.ActiveCfg = Debug|Any CPU
		{61D34B6E-DF19-47CB-82E2-8FE56E62A90C}.Debug|Any CPU.Build.0 = Debug|Any CPU
		{61D34B6E-DF19-47CB-82E2-8FE56E62A90C}.Release|Any CPU.ActiveCfg = Release|Any CPU
		{61D34B6E-DF19-47CB-82E2-8FE56E62A90C}.Release|Any CPU.Build.0 = Release|Any CPU
		{4F244C10-60BF-4721-A84B-199473321DAA}.Debug|Any CPU.ActiveCfg = Debug|Any CPU
		{4F244C10-60BF-4721-A84B-199473321DAA}.Debug|Any CPU.Build.0 = Debug|Any CPU
		{4F244C10-60BF-4721-A84B-199473321DAA}.Release|Any CPU.ActiveCfg = Release|Any CPU
		{4F244C10-60BF-4721-A84B-199473321DAA}.Release|Any CPU.Build.0 = Release|Any CPU
		{EFE6E353-3083-4C52-BB65-6CDDDA74C594}.Debug|Any CPU.ActiveCfg = Debug|Any CPU
		{EFE6E353-3083-4C52-BB65-6CDDDA74C594}.Debug|Any CPU.Build.0 = Debug|Any CPU
		{EFE6E353-3083-4C52-BB65-6CDDDA74C594}.Release|Any CPU.ActiveCfg = Release|Any CPU
		{EFE6E353-3083-4C52-BB65-6CDDDA74C594}.Release|Any CPU.Build.0 = Release|Any CPU
		{CEEBC2CE-CBA4-446D-8EA7-073FC022D154}.Debug|Any CPU.ActiveCfg = Debug|Any CPU
		{CEEBC2CE-CBA4-446D-8EA7-073FC022D154}.Debug|Any CPU.Build.0 = Debug|Any CPU
		{CEEBC2CE-CBA4-446D-8EA7-073FC022D154}.Release|Any CPU.ActiveCfg = Release|Any CPU
		{CEEBC2CE-CBA4-446D-8EA7-073FC022D154}.Release|Any CPU.Build.0 = Release|Any CPU
		{DA93A842-CC82-456E-9D89-6BC454FD15C6}.Debug|Any CPU.ActiveCfg = Debug|Any CPU
		{DA93A842-CC82-456E-9D89-6BC454FD15C6}.Debug|Any CPU.Build.0 = Debug|Any CPU
		{DA93A842-CC82-456E-9D89-6BC454FD15C6}.Release|Any CPU.ActiveCfg = Release|Any CPU
		{DA93A842-CC82-456E-9D89-6BC454FD15C6}.Release|Any CPU.Build.0 = Release|Any CPU
		{933A2216-CBE5-483A-907E-4F6834D56E0E}.Debug|Any CPU.ActiveCfg = Debug|Any CPU
		{933A2216-CBE5-483A-907E-4F6834D56E0E}.Debug|Any CPU.Build.0 = Debug|Any CPU
		{933A2216-CBE5-483A-907E-4F6834D56E0E}.Release|Any CPU.ActiveCfg = Release|Any CPU
		{933A2216-CBE5-483A-907E-4F6834D56E0E}.Release|Any CPU.Build.0 = Release|Any CPU
		{82513B11-AC2A-49F0-BC10-B32C45C131C1}.Debug|Any CPU.ActiveCfg = Debug|Any CPU
		{82513B11-AC2A-49F0-BC10-B32C45C131C1}.Debug|Any CPU.Build.0 = Debug|Any CPU
		{82513B11-AC2A-49F0-BC10-B32C45C131C1}.Release|Any CPU.ActiveCfg = Release|Any CPU
		{82513B11-AC2A-49F0-BC10-B32C45C131C1}.Release|Any CPU.Build.0 = Release|Any CPU
		{788A9AD3-7BA8-46E7-8495-71DD5B384F37}.Debug|Any CPU.ActiveCfg = Debug|Any CPU
		{788A9AD3-7BA8-46E7-8495-71DD5B384F37}.Debug|Any CPU.Build.0 = Debug|Any CPU
		{788A9AD3-7BA8-46E7-8495-71DD5B384F37}.Release|Any CPU.ActiveCfg = Release|Any CPU
		{788A9AD3-7BA8-46E7-8495-71DD5B384F37}.Release|Any CPU.Build.0 = Release|Any CPU
		{0A6B0229-0B4F-4FAA-AF3A-54943D1B619E}.Debug|Any CPU.ActiveCfg = Debug|Any CPU
		{0A6B0229-0B4F-4FAA-AF3A-54943D1B619E}.Debug|Any CPU.Build.0 = Debug|Any CPU
		{0A6B0229-0B4F-4FAA-AF3A-54943D1B619E}.Release|Any CPU.ActiveCfg = Release|Any CPU
		{0A6B0229-0B4F-4FAA-AF3A-54943D1B619E}.Release|Any CPU.Build.0 = Release|Any CPU
		{1D7E0119-1906-4019-B0C8-13AE742D7970}.Debug|Any CPU.ActiveCfg = Debug|Any CPU
		{1D7E0119-1906-4019-B0C8-13AE742D7970}.Debug|Any CPU.Build.0 = Debug|Any CPU
		{1D7E0119-1906-4019-B0C8-13AE742D7970}.Release|Any CPU.ActiveCfg = Release|Any CPU
		{1D7E0119-1906-4019-B0C8-13AE742D7970}.Release|Any CPU.Build.0 = Release|Any CPU
	EndGlobalSection
	GlobalSection(SolutionProperties) = preSolution
		HideSolutionNode = FALSE
	EndGlobalSection
	GlobalSection(NestedProjects) = preSolution
		{C0B767C0-B244-49E0-9810-306C5D0823D5} = {0696277F-A766-4924-A3B0-E20F731C582F}
		{EF8FFB59-569D-412E-BF3B-2E8D40D9EED1} = {C0B767C0-B244-49E0-9810-306C5D0823D5}
		{3DF47712-6544-41A4-A503-9D813FA5C90D} = {C0B767C0-B244-49E0-9810-306C5D0823D5}
		{6C8A1A02-46F7-4C6C-9F04-3D51220C8D10} = {0696277F-A766-4924-A3B0-E20F731C582F}
		{E72913C7-7BDF-4125-A732-8B9DBD46A85F} = {6C8A1A02-46F7-4C6C-9F04-3D51220C8D10}
		{D1765231-82FC-4F4E-9BED-3FAFF79B0196} = {E72913C7-7BDF-4125-A732-8B9DBD46A85F}
		{F07ECB85-FBD7-4776-B49E-773789E080E4} = {E72913C7-7BDF-4125-A732-8B9DBD46A85F}
		{1B1870F5-BF77-4E02-9B8D-3951748C7C8B} = {0696277F-A766-4924-A3B0-E20F731C582F}
		{3FBC43A9-3FB7-4B1A-8C23-51475D5C449B} = {1B1870F5-BF77-4E02-9B8D-3951748C7C8B}
		{42A06B1F-FD10-411C-8332-374978E97542} = {0696277F-A766-4924-A3B0-E20F731C582F}
		{D904A163-F2B4-4AE0-A67A-34A1D5B313D2} = {42A06B1F-FD10-411C-8332-374978E97542}
		{7B215315-4A44-4B7B-ADD2-129B0ADDE662} = {0696277F-A766-4924-A3B0-E20F731C582F}
		{53BB498C-64F8-4E75-8DEB-05A5CBF51C0A} = {7B215315-4A44-4B7B-ADD2-129B0ADDE662}
		{06D0C9AD-0530-43E8-A2FB-138766C445EA} = {0696277F-A766-4924-A3B0-E20F731C582F}
		{F639318B-A5EE-4E86-9696-D2D6DBAAD54E} = {06D0C9AD-0530-43E8-A2FB-138766C445EA}
		{F353D48F-57D4-4375-A9D7-06B4937ED792} = {7B215315-4A44-4B7B-ADD2-129B0ADDE662}
		{D0759FA6-1A1D-4E4A-8D3C-3333CB590F41} = {0696277F-A766-4924-A3B0-E20F731C582F}
		{95DC0A8F-6A1D-4924-A0C3-54DA56384DCA} = {D0759FA6-1A1D-4E4A-8D3C-3333CB590F41}
		{0480F5E4-A15D-41F3-8D1E-ECFBF89E106A} = {0696277F-A766-4924-A3B0-E20F731C582F}
		{3A75CB79-D6C2-4FCD-A6FA-64F6998E3576} = {0480F5E4-A15D-41F3-8D1E-ECFBF89E106A}
		{2C7855B5-1951-446F-B4BB-7EEC2BBB23B1} = {0480F5E4-A15D-41F3-8D1E-ECFBF89E106A}
		{5AA34766-693A-448A-856B-5FEC24872B56} = {D0759FA6-1A1D-4E4A-8D3C-3333CB590F41}
		{B66D6A60-9F20-443C-9EE3-1A4B4FD44302} = {D0759FA6-1A1D-4E4A-8D3C-3333CB590F41}
		{3B6CD03E-D563-4432-906C-61C54B60AA53} = {6C8A1A02-46F7-4C6C-9F04-3D51220C8D10}
		{6F7ED19B-FF9C-46F8-8E2D-3AEE5301CBDC} = {3B6CD03E-D563-4432-906C-61C54B60AA53}
		{D0A0F49C-B651-44CA-A7E2-BB47ADCDC93B} = {3B6CD03E-D563-4432-906C-61C54B60AA53}
		{34F54EA3-EEC7-49FC-9243-822C8BB54718} = {0696277F-A766-4924-A3B0-E20F731C582F}
		{C5BF52E0-D3B1-4589-8BE2-F5F1A9C2AC58} = {34F54EA3-EEC7-49FC-9243-822C8BB54718}
		{618ABFAE-29C3-4619-9DD9-2DC8CB235A7A} = {0696277F-A766-4924-A3B0-E20F731C582F}
		{E9FA1217-913A-41D5-AB0E-5F98BE82B689} = {618ABFAE-29C3-4619-9DD9-2DC8CB235A7A}
		{CCFEE41E-8C92-4580-A4C1-B5833C844F86} = {618ABFAE-29C3-4619-9DD9-2DC8CB235A7A}
		{B484F810-8FA5-49F4-8B1A-3B6BCFC2C909} = {CCFEE41E-8C92-4580-A4C1-B5833C844F86}
		{4829FA75-03A6-42BD-BABE-D7A5E15C8FAD} = {C0B767C0-B244-49E0-9810-306C5D0823D5}
		{7DBA2C4D-AB7C-48BE-85DA-6E851171725D} = {CCFEE41E-8C92-4580-A4C1-B5833C844F86}
		{8E8761C9-1D76-45D8-9729-ED73E3B9D829} = {6C8A1A02-46F7-4C6C-9F04-3D51220C8D10}
		{543A0974-1D1C-4D87-A969-A69747DB7E76} = {6C8A1A02-46F7-4C6C-9F04-3D51220C8D10}
		{D45470D5-DCE6-482B-911C-BE38272B928A} = {C0B767C0-B244-49E0-9810-306C5D0823D5}
		{F3E5BD64-3E8C-4279-94B7-796DF7F77C20} = {6C8A1A02-46F7-4C6C-9F04-3D51220C8D10}
		{FC29EB73-60F0-4613-B687-C809BAFB1AFD} = {C0B767C0-B244-49E0-9810-306C5D0823D5}
		{6DE1F0E8-8ED1-4B97-8591-2B8C16B6E951} = {FC29EB73-60F0-4613-B687-C809BAFB1AFD}
		{E3C8FD54-AF43-477D-AC1F-E9A9B1A7A138} = {FC29EB73-60F0-4613-B687-C809BAFB1AFD}
		{A5658FDF-1A56-448F-B3A6-381AB0488327} = {C0B767C0-B244-49E0-9810-306C5D0823D5}
		{483CAE03-AE37-4BC2-A73D-A3C39367542E} = {A5658FDF-1A56-448F-B3A6-381AB0488327}
		{678F1A1E-0C5F-4355-98D4-012145518F3B} = {A5658FDF-1A56-448F-B3A6-381AB0488327}
		{0FB9A2B8-EAB4-4B41-AA6D-54C11E41E48B} = {4829FA75-03A6-42BD-BABE-D7A5E15C8FAD}
		{2F55B37E-9FC8-44AB-9F36-778F43BE78E0} = {4829FA75-03A6-42BD-BABE-D7A5E15C8FAD}
		{78AB67CA-BE76-4352-BF2D-278628DF3D9B} = {D45470D5-DCE6-482B-911C-BE38272B928A}
		{24709F17-5299-4065-89F9-44C00B9BE635} = {D45470D5-DCE6-482B-911C-BE38272B928A}
		{8C7F5BDF-659B-45C0-8EA7-FA9C21FD0E51} = {1B1870F5-BF77-4E02-9B8D-3951748C7C8B}
		{96970590-9052-4140-B7E1-796114EF71D3} = {0696277F-A766-4924-A3B0-E20F731C582F}
		{D3B9C1E1-E747-4D59-972D-D8C3F53B7E15} = {96970590-9052-4140-B7E1-796114EF71D3}
		{A87611D7-6473-442F-9021-8EF0CA96E27D} = {D3B9C1E1-E747-4D59-972D-D8C3F53B7E15}
		{059B266B-C78D-45CE-B4D3-7FB40DB0277B} = {D3B9C1E1-E747-4D59-972D-D8C3F53B7E15}
		{B22A9D5B-E87D-42FB-A1F6-46778638C02F} = {96970590-9052-4140-B7E1-796114EF71D3}
		{7428AC95-0EE7-44E1-9C26-5E5E021EBB5B} = {0696277F-A766-4924-A3B0-E20F731C582F}
		{F12FFA32-D924-406F-85B9-92CE631EEFB0} = {7428AC95-0EE7-44E1-9C26-5E5E021EBB5B}
		{6F09818D-4D71-4C39-AA2E-DDDC4412DFB5} = {42A06B1F-FD10-411C-8332-374978E97542}
		{99D16A32-4BF7-4DE0-835D-8B3E5AB84301} = {42A06B1F-FD10-411C-8332-374978E97542}
		{0D13043F-10BC-46DB-982B-75F1DB8E25C1} = {99D16A32-4BF7-4DE0-835D-8B3E5AB84301}
		{270A4C06-758B-4D8B-8689-6648362DC9F6} = {99D16A32-4BF7-4DE0-835D-8B3E5AB84301}
		{61D34B6E-DF19-47CB-82E2-8FE56E62A90C} = {6F09818D-4D71-4C39-AA2E-DDDC4412DFB5}
		{4F244C10-60BF-4721-A84B-199473321DAA} = {6F09818D-4D71-4C39-AA2E-DDDC4412DFB5}
		{EFE6E353-3083-4C52-BB65-6CDDDA74C594} = {99D16A32-4BF7-4DE0-835D-8B3E5AB84301}
		{58B46100-20CC-40F0-A9B7-09E10D2242AD} = {42A06B1F-FD10-411C-8332-374978E97542}
		{CEEBC2CE-CBA4-446D-8EA7-073FC022D154} = {58B46100-20CC-40F0-A9B7-09E10D2242AD}
		{DA93A842-CC82-456E-9D89-6BC454FD15C6} = {58B46100-20CC-40F0-A9B7-09E10D2242AD}
		{933A2216-CBE5-483A-907E-4F6834D56E0E} = {58B46100-20CC-40F0-A9B7-09E10D2242AD}
		{82513B11-AC2A-49F0-BC10-B32C45C131C1} = {D0759FA6-1A1D-4E4A-8D3C-3333CB590F41}
		{788A9AD3-7BA8-46E7-8495-71DD5B384F37} = {D3B9C1E1-E747-4D59-972D-D8C3F53B7E15}
		{0A6B0229-0B4F-4FAA-AF3A-54943D1B619E} = {D3B9C1E1-E747-4D59-972D-D8C3F53B7E15}
		{1D7E0119-1906-4019-B0C8-13AE742D7970} = {D3B9C1E1-E747-4D59-972D-D8C3F53B7E15}
	EndGlobalSection
EndGlobal
